# THIS IS AN AUTOGENERATED FILE. DO NOT EDIT THIS FILE DIRECTLY.
# yarn lockfile v1


lodash@^4.17.21:
  version "4.17.21"
  resolved "https://registry.yarnpkg.com/lodash/-/lodash-4.17.21.tgz#679591c564c3bffaae8454cf0b3df370c3d6911c"
  integrity sha512-v2kDEe57lecTulaDIuNTPy3Ry4gLGJ6Z1O3vE1krgXZNrsQ+LFTGHVxVjcXPs17LhbZVGedAJv8XZ1tvj5FvSg==

vuetify@^2.3.10:
  version "2.5.8"
  resolved "https://registry.yarnpkg.com/vuetify/-/vuetify-2.5.8.tgz#a23e6a7e77b77de0744b53cf1e7c9d40efac0635"
  integrity sha512-paLmNhKTYFD41+14rIHnCo+P1jHbUzwBiMowxs5qXVq8RdRMqRmcy05Sfse1WUu90amPGK2fIFQq5rL2N8zqZg==
